
Microsoft Visual Studio Solution File, Format Version 12.00
# Visual Studio Version 17
VisualStudioVersion = 17.2.32519.379
MinimumVisualStudioVersion = 10.0.40219.1
Project("{FAE04EC0-301F-11D3-BF4B-00C04F79EFBC}") = "1.6_SV", "1.6_SV\1.6_SV.csproj", "{33AA8B95-6159-44D4-8084-149F1987F101}"
EndProject
Global
	GlobalSection(SolutionConfigurationPlatforms) = preSolution
		Debug|Any CPU = Debug|Any CPU
		Release|Any CPU = Release|Any CPU
	EndGlobalSection
	GlobalSection(ProjectConfigurationPlatforms) = postSolution
		{33AA8B95-6159-44D4-8084-149F1987F101}.Debug|Any CPU.ActiveCfg = Debug|Any CPU
		{33AA8B95-6159-44D4-8084-149F1987F101}.Debug|Any CPU.Build.0 = Debug|Any CPU
		{33AA8B95-6159-44D4-8084-149F1987F101}.Release|Any CPU.ActiveCfg = Release|Any CPU
		{33AA8B95-6159-44D4-8084-149F1987F101}.Release|Any CPU.Build.0 = Release|Any CPU
	EndGlobalSection
	GlobalSection(SolutionProperties) = preSolution
		HideSolutionNode = FALSE
	EndGlobalSection
	GlobalSection(ExtensibilityGlobals) = postSolution
		SolutionGuid = {EBC49420-A29D-4CE2-98DC-189233D99E87}
	EndGlobalSection
EndGlobal
